# This file is generated by running "yarn install" inside your project.
# Manual changes might be lost - proceed with caution!

__metadata:
  version: 4
  cacheKey: 8

"@mapbox/geojson-rewind@npm:^0.5.0":
  version: 0.5.1
  resolution: "@mapbox/geojson-rewind@npm:0.5.1"
  dependencies:
    get-stream: ^6.0.1
    minimist: ^1.2.5
  bin:
    geojson-rewind: geojson-rewind
  checksum: 9bdd428e4420ea818bbd7a0ac14ada05eb09e506a64a84d85246c41f82d0249d747069dc9cf27d0f080d41e6fe7525bd31ae099b04e4bfc5e86680a499fb04b6
  languageName: node
  linkType: hard

"@mapbox/geojson-types@npm:^1.0.2":
  version: 1.0.2
  resolution: "@mapbox/geojson-types@npm:1.0.2"
  checksum: ab1fa0afcedb384aea39b25218b74dd823fc86929c5df5f15fbebac1d98eb30c16f4dded7199999c99d23a0a5f36c6e3380aad91adc736c302a94adbd3980ace
  languageName: node
  linkType: hard

"@mapbox/jsonlint-lines-primitives@npm:^2.0.2":
  version: 2.0.2
  resolution: "@mapbox/jsonlint-lines-primitives@npm:2.0.2"
  checksum: 4eb31edd3ccff530f7b687ddc6d813d6e24fc66e9a563460882e7861b49f9331c5ded6fd7e927b37affbbd98f83bff1f7b916119044f1931df03c6ffedba2cfb
  languageName: node
  linkType: hard

"@mapbox/mapbox-gl-supported@npm:^2.0.0":
  version: 2.0.0
  resolution: "@mapbox/mapbox-gl-supported@npm:2.0.0"
  checksum: 72720befc8f11cade0481e7f275d62eee11eeab858972b386f2e4e1e70415385971c004a1287dc6106245feb69e74659fa66079e012c645f93d3416dba0fb400
  languageName: node
  linkType: hard

"@mapbox/point-geometry@npm:0.1.0, @mapbox/point-geometry@npm:^0.1.0, @mapbox/point-geometry@npm:~0.1.0":
  version: 0.1.0
  resolution: "@mapbox/point-geometry@npm:0.1.0"
  checksum: ed41c1ce0140de81039424415d9a199abba72cdb2287314e1b8c3e295da3224f7e8c1b0ae99a9b097703e7abe63e1978a518e29896989cc8bba3d482360bc22f
  languageName: node
  linkType: hard

"@mapbox/tiny-sdf@npm:^1.2.5":
  version: 1.2.5
  resolution: "@mapbox/tiny-sdf@npm:1.2.5"
  checksum: d4cfd700c8ccd8b9183da78a943e314cada4184966a52758857cc7141391829a2da31b733046ee0a57e169396314533ffbde8445ce3476a193c6aefcc7bc883a
  languageName: node
  linkType: hard

"@mapbox/unitbezier@npm:^0.0.0":
  version: 0.0.0
  resolution: "@mapbox/unitbezier@npm:0.0.0"
  checksum: 22ae6d56f743570fb222a5b0d323398e342007f689ae6445b6238d60a2faaa312b41c1de1fb2553bca4ccdb2d3f7006af04d94457c54b44a6454ce0198eebf9e
  languageName: node
  linkType: hard

"@mapbox/vector-tile@npm:^1.3.1":
  version: 1.3.1
  resolution: "@mapbox/vector-tile@npm:1.3.1"
  dependencies:
    "@mapbox/point-geometry": ~0.1.0
  checksum: 7093d4fa7d0382a0eae9d79526c5ad57c32099300b013d3afb4ab7499ac2a096f6f0a487cc81151ef81e0432a4b157513666b1592a4a4c1497341cde835551aa
  languageName: node
  linkType: hard

"@mapbox/whoots-js@npm:^3.1.0":
  version: 3.1.0
  resolution: "@mapbox/whoots-js@npm:3.1.0"
  checksum: c1837c04effd205b207f441356d952eae7e8aad6c58f7c4900de50318c2147cf175936fc9434f20dfa409f9e6a78ec604d61e70c1c20572db0cc7655fbb65f50
  languageName: node
  linkType: hard

"csscolorparser@npm:~1.0.3":
  version: 1.0.3
  resolution: "csscolorparser@npm:1.0.3"
  checksum: e40f3045ea15c7e7eaa78e110412fe8b820d47b698c1eb1d1e7ecb42703bf447406a24304b891ae9df61e85d947f33fc67bd0120c7f9e3a5183e6e0b9afff92c
  languageName: node
  linkType: hard

"earcut@npm:^2.2.2":
  version: 2.2.3
  resolution: "earcut@npm:2.2.3"
  checksum: 4e3bab80366c49e0332a0bb061649a3b9354dcbfa636155c7eee250be0670d7139d53f2aebbcf90788507c71b76ec1713c20e36527f202b9abb79c9e5858ec35
  languageName: node
  linkType: hard

"example-tsc@workspace:.":
  version: 0.0.0-use.local
  resolution: "example-tsc@workspace:."
  dependencies:
    mapbox-gl: ^2.4.1
    typescript: 4.4.2
  languageName: unknown
  linkType: soft

"geojson-vt@npm:^3.2.1":
  version: 3.2.1
  resolution: "geojson-vt@npm:3.2.1"
  checksum: 7c7973cfaf9e3bb1c1dc9578ec00e602efb6f8d57f4dd7f6b28baeb7825bcaeb1684018b850211e333ab4b90a4a89a02ff7793732c505d67101ccbc38e307e02
  languageName: node
  linkType: hard

"get-stream@npm:^6.0.1":
  version: 6.0.1
  resolution: "get-stream@npm:6.0.1"
  checksum: e04ecece32c92eebf5b8c940f51468cd53554dcbb0ea725b2748be583c9523d00128137966afce410b9b051eb2ef16d657cd2b120ca8edafcf5a65e81af63cad
  languageName: node
  linkType: hard

"gl-matrix@npm:^3.3.0":
  version: 3.3.0
  resolution: "gl-matrix@npm:3.3.0"
  checksum: 4a1b475d2f726ccb6ad1727e8553d391fba613cfc9eded2fc9d2c2d9dc44e457b4f04a0a640ca18d949927c4444df67ff8498997d25f7cf542a84125cfc9c87a
  languageName: node
  linkType: hard

"grid-index@npm:^1.1.0":
  version: 1.1.0
  resolution: "grid-index@npm:1.1.0"
  checksum: 0e9d427b606ac644a723719116bb067639c01dccc881f161525e8eddb13b2de3b8a274641ef6d926d7629877ad8ed06b45290d52dd2d8af45532c50ccbbefe43
  languageName: node
  linkType: hard

"ieee754@npm:^1.1.12":
  version: 1.2.1
  resolution: "ieee754@npm:1.2.1"
  checksum: 5144c0c9815e54ada181d80a0b810221a253562422e7c6c3a60b1901154184f49326ec239d618c416c1c5945a2e197107aee8d986a3dd836b53dffefd99b5e7e
  languageName: node
  linkType: hard

"kdbush@npm:^3.0.0":
  version: 3.0.0
  resolution: "kdbush@npm:3.0.0"
  checksum: bc5fa433958e42664a8a92457e4f0d1db55b3b8e36956aac0102964adb2eab043bdbff156570dc8d867144ceff588fb7a1c6e099ba9be068cd1767a73e1ace92
  languageName: node
  linkType: hard

"mapbox-gl@npm:^2.4.1":
  version: 2.4.1
  resolution: "mapbox-gl@npm:2.4.1"
  dependencies:
    "@mapbox/geojson-rewind": ^0.5.0
    "@mapbox/geojson-types": ^1.0.2
    "@mapbox/jsonlint-lines-primitives": ^2.0.2
    "@mapbox/mapbox-gl-supported": ^2.0.0
    "@mapbox/point-geometry": ^0.1.0
    "@mapbox/tiny-sdf": ^1.2.5
    "@mapbox/unitbezier": ^0.0.0
    "@mapbox/vector-tile": ^1.3.1
    "@mapbox/whoots-js": ^3.1.0
    csscolorparser: ~1.0.3
    earcut: ^2.2.2
    geojson-vt: ^3.2.1
    gl-matrix: ^3.3.0
    grid-index: ^1.1.0
    minimist: ^1.2.5
    murmurhash-js: ^1.0.0
    pbf: ^3.2.1
    potpack: ^1.0.1
    quickselect: ^2.0.0
    rw: ^1.3.3
    supercluster: ^7.1.3
    tinyqueue: ^2.0.3
    vt-pbf: ^3.1.1
  checksum: 7ea12d27611a70d0166ac1058dbfe2b34ba435a087122f4f066a5da75fe23a2b4c7abdc71c79b24f5937405452a3f6f753c6f17f4be3c3d0fb1cba0a79536f46
  languageName: node
  linkType: hard

"minimist@npm:^1.2.5":
  version: 1.2.5
  resolution: "minimist@npm:1.2.5"
  checksum: 86706ce5b36c16bfc35c5fe3dbb01d5acdc9a22f2b6cc810b6680656a1d2c0e44a0159c9a3ba51fb072bb5c203e49e10b51dcd0eec39c481f4c42086719bae52
  languageName: node
  linkType: hard

"murmurhash-js@npm:^1.0.0":
  version: 1.0.0
  resolution: "murmurhash-js@npm:1.0.0"
  checksum: 083cea92a11bc9eb25be1446fc92eded3f49731bc1ad34fa8023afd68c234d1dd59458d70eb20e667b1383bedeeb8dfb1a16c89913b6ffe3584fd22fb598739d
  languageName: node
  linkType: hard

"pbf@npm:^3.2.1":
  version: 3.2.1
  resolution: "pbf@npm:3.2.1"
  dependencies:
    ieee754: ^1.1.12
    resolve-protobuf-schema: ^2.1.0
  bin:
    pbf: bin/pbf
  checksum: 8033f5e21fffdc485e85d50bbff07ab3313c6841c3630a4ba9bc9e82d2e9005ab92000a1a90cb911223caa44316293e367bab607dd8110d5c771e6c8aaad63e1
  languageName: node
  linkType: hard

"potpack@npm:^1.0.1":
  version: 1.0.1
  resolution: "potpack@npm:1.0.1"
  checksum: 6b4481e53eccfd0f8a12dcbf63d7ef595bdcaa89308421360323bf2cb41466c4d4626424332d777defcc569c0ee5300923722f75f846e187ac4df14e6ac895f4
  languageName: node
  linkType: hard

"protocol-buffers-schema@npm:^3.3.1":
  version: 3.6.0
  resolution: "protocol-buffers-schema@npm:3.6.0"
  checksum: 8713b5770f6745ddbcdf3bbd03ee020624d506233bb567927a6615a6f69a5bd620a5f49597f34f4115792b853a4c9cb9e2d5d6b930a1c04bf198023e45c1c349
  languageName: node
  linkType: hard

"quickselect@npm:^2.0.0":
  version: 2.0.0
  resolution: "quickselect@npm:2.0.0"
  checksum: ed2e78431050d223fb75da20ee98011aef1a03f7cb04e1a32ee893402e640be3cfb76d72e9dbe01edf3bb457ff6a62e5c2d85748424d1aa531f6ba50daef098c
  languageName: node
  linkType: hard

"resolve-protobuf-schema@npm:^2.1.0":
  version: 2.1.0
  resolution: "resolve-protobuf-schema@npm:2.1.0"
  dependencies:
    protocol-buffers-schema: ^3.3.1
  checksum: 88fffab2a3757888884a36f9aa4e24be5186b01820a8c26297dc1ce406b9daf776594926bdf524c2c8e8e5b0aba8ac48362b6584cdecc9a7083215ebca01c599
  languageName: node
  linkType: hard

"rw@npm:^1.3.3":
  version: 1.3.3
  resolution: "rw@npm:1.3.3"
  checksum: c20d82421f5a71c86a13f76121b751553a99cd4a70ea27db86f9b23f33db941f3f06019c30f60d50c356d0bd674c8e74764ac146ea55e217c091bde6fba82aa3
  languageName: node
  linkType: hard

"supercluster@npm:^7.1.3":
  version: 7.1.3
  resolution: "supercluster@npm:7.1.3"
  dependencies:
    kdbush: ^3.0.0
  checksum: 254e3a0bfcbad7757d6ccb7e451b8662bbc2d85df67ad0239bdca8583bb0f06d8ad257bbb7de79f76fe063ca6eb4a63a8ac326e55692eb1bfd213279a9f3e6cb
  languageName: node
  linkType: hard

"tinyqueue@npm:^2.0.3":
  version: 2.0.3
  resolution: "tinyqueue@npm:2.0.3"
  checksum: 0b6bda46b680dca072f84aef1acd22a7085a2ff2aa8e222bb41045c61a056943805056d77d7f976587ed6a0597872beb5c416043f65f0314304432d6c178dd20
  languageName: node
  linkType: hard

typescript@4.4.2:
  version: 4.4.2
  resolution: "typescript@npm:4.4.2"
  bin:
    tsc: bin/tsc
    tsserver: bin/tsserver
  checksum: 194e08e9d1971d667d6fd1a0554616b7022312a2319d70e81a64e502a265992061ee7817ed9a69b52bbabe7a9b85e7938cb8c11c433e40a516b277f8c4dacd51
  languageName: node
  linkType: hard

"typescript@patch:typescript@4.4.2#~builtin<compat/typescript>":
  version: 4.4.2
  resolution: "typescript@patch:typescript@npm%3A4.4.2#~builtin<compat/typescript>::version=4.4.2&hash=32657b"
  bin:
    tsc: bin/tsc
    tsserver: bin/tsserver
  checksum: 3109ae25705746996007161cdd3271857db4f40356b894e34d4cabc216bf9e251f53e0bb6e48df2450b5e3fd948dcbee716a616a4ad4cf7251292025e6163cb1
  languageName: node
  linkType: hard

"vt-pbf@npm:^3.1.1":
  version: 3.1.3
  resolution: "vt-pbf@npm:3.1.3"
  dependencies:
    "@mapbox/point-geometry": 0.1.0
    "@mapbox/vector-tile": ^1.3.1
    pbf: ^3.2.1
  checksum: 83375b7ffe2e92ab2a4c9924cf2cd80e311b38e9e616c244656140a76090c037c55a1b1379b234cb6567444f32e9cb40fd2c5b6e555ffff4330feba56250f90c
  languageName: node
  linkType: hard
